// !$*UTF8*$!
{
	archiveVersion = 1;
	classes = {
	};
	objectVersion = 50;
	objects = {

/* Begin PBXBuildFile section */
		CB050E8724F2EFB3001B992B /* AppDelegate.swift in Sources */ = {isa = PBXBuildFile; fileRef = CB050E8624F2EFB3001B992B /* AppDelegate.swift */; };
		CB050E8924F2EFB3001B992B /* SceneDelegate.swift in Sources */ = {isa = PBXBuildFile; fileRef = CB050E8824F2EFB3001B992B /* SceneDelegate.swift */; };
		CB050E8B24F2EFB3001B992B /* ListView.swift in Sources */ = {isa = PBXBuildFile; fileRef = CB050E8A24F2EFB3001B992B /* ListView.swift */; };
		CB050E8D24F2EFB5001B992B /* Assets.xcassets in Resources */ = {isa = PBXBuildFile; fileRef = CB050E8C24F2EFB5001B992B /* Assets.xcassets */; };
		CB050E9024F2EFB5001B992B /* Preview Assets.xcassets in Resources */ = {isa = PBXBuildFile; fileRef = CB050E8F24F2EFB5001B992B /* Preview Assets.xcassets */; };
		CB050E9324F2EFB5001B992B /* LaunchScreen.storyboard in Resources */ = {isa = PBXBuildFile; fileRef = CB050E9124F2EFB5001B992B /* LaunchScreen.storyboard */; };
		CB050E9C24F2F78B001B992B /* SearchBar.swift in Sources */ = {isa = PBXBuildFile; fileRef = CB050E9B24F2F78B001B992B /* SearchBar.swift */; };
		CB050E9F24F43176001B992B /* Condition.swift in Sources */ = {isa = PBXBuildFile; fileRef = CB050E9E24F43176001B992B /* Condition.swift */; };
		CB050EA224F4393C001B992B /* CAPFirst.swift in Sources */ = {isa = PBXBuildFile; fileRef = CB050EA124F4393C001B992B /* CAPFirst.swift */; };
		CB050EA424F56CF6001B992B /* ShowPicker.swift in Sources */ = {isa = PBXBuildFile; fileRef = CB050EA324F56CF6001B992B /* ShowPicker.swift */; };
		CB050EAC24F56E8D001B992B /* NextButtonStyle.swift in Sources */ = {isa = PBXBuildFile; fileRef = CB050EAB24F56E8D001B992B /* NextButtonStyle.swift */; };
		CB2B470924F57726006394DE /* OutCAPManagement.swift in Sources */ = {isa = PBXBuildFile; fileRef = CB2B470824F57726006394DE /* OutCAPManagement.swift */; };
		CB2FDCBC24F6E9AB00C433CE /* VTEFirst.swift in Sources */ = {isa = PBXBuildFile; fileRef = CB2FDCBB24F6E9AB00C433CE /* VTEFirst.swift */; };
		CB2FDCC024F6EB8D00C433CE /* VTEData.swift in Sources */ = {isa = PBXBuildFile; fileRef = CB2FDCBF24F6EB8D00C433CE /* VTEData.swift */; };
		CB2FDCC424F6F02A00C433CE /* TitleModifier.swift in Sources */ = {isa = PBXBuildFile; fileRef = CB2FDCC324F6F02A00C433CE /* TitleModifier.swift */; };
		CB2FDCC624F6F35C00C433CE /* VTEProvokingFactors.swift in Sources */ = {isa = PBXBuildFile; fileRef = CB2FDCC524F6F35C00C433CE /* VTEProvokingFactors.swift */; };
		CB2FDCC824F7264E00C433CE /* ShowToggle.swift in Sources */ = {isa = PBXBuildFile; fileRef = CB2FDCC724F7264E00C433CE /* ShowToggle.swift */; };
		CB2FDCCA24F8587100C433CE /* ProximalDistalDVT.swift in Sources */ = {isa = PBXBuildFile; fileRef = CB2FDCC924F8587100C433CE /* ProximalDistalDVT.swift */; };
		CB2FDCCE24F858B600C433CE /* VTEBleedingRisk.swift in Sources */ = {isa = PBXBuildFile; fileRef = CB2FDCCD24F858B600C433CE /* VTEBleedingRisk.swift */; };
		CB2FDCD024F858E700C433CE /* VTEManagement.swift in Sources */ = {isa = PBXBuildFile; fileRef = CB2FDCCF24F858E700C433CE /* VTEManagement.swift */; };
		CB2FDCD324F85BDD00C433CE /* CAPData.swift in Sources */ = {isa = PBXBuildFile; fileRef = CB2FDCD224F85BDD00C433CE /* CAPData.swift */; };
		CB2FDCD524F9B5CF00C433CE /* Constants.swift in Sources */ = {isa = PBXBuildFile; fileRef = CB2FDCD424F9B5CF00C433CE /* Constants.swift */; };
		CB8656A224FC5EDD0081A034 /* SegmentedPickerModifier.swift in Sources */ = {isa = PBXBuildFile; fileRef = CB8656A124FC5EDD0081A034 /* SegmentedPickerModifier.swift */; };
		CB8656A424FC5FC70081A034 /* ManagementMod.swift in Sources */ = {isa = PBXBuildFile; fileRef = CB8656A324FC5FC70081A034 /* ManagementMod.swift */; };
		CBB74B3B2509499F006D01CE /* DizzinessFirst.swift in Sources */ = {isa = PBXBuildFile; fileRef = CBB74B3A2509499F006D01CE /* DizzinessFirst.swift */; };
		CBB74B3D250949C2006D01CE /* DizzinessData.swift in Sources */ = {isa = PBXBuildFile; fileRef = CBB74B3C250949C2006D01CE /* DizzinessData.swift */; };
		CBB74B3F250950E6006D01CE /* EpisodicTriggeredDizziness.swift in Sources */ = {isa = PBXBuildFile; fileRef = CBB74B3E250950E6006D01CE /* EpisodicTriggeredDizziness.swift */; };
		CBB74B41250952C9006D01CE /* EpisodicSpontaneous.swift in Sources */ = {isa = PBXBuildFile; fileRef = CBB74B40250952C9006D01CE /* EpisodicSpontaneous.swift */; };
		CBB74B43250952F8006D01CE /* TriggeredDizzinessTests.swift in Sources */ = {isa = PBXBuildFile; fileRef = CBB74B42250952F8006D01CE /* TriggeredDizzinessTests.swift */; };
		CBB74B4525095321006D01CE /* NeuroTestsDizziness.swift in Sources */ = {isa = PBXBuildFile; fileRef = CBB74B4425095321006D01CE /* NeuroTestsDizziness.swift */; };
		CBB74B4725095375006D01CE /* Dix-HallpikeSheet.swift in Sources */ = {isa = PBXBuildFile; fileRef = CBB74B4625095375006D01CE /* Dix-HallpikeSheet.swift */; };
		CBB74B4925095387006D01CE /* EpleyManeuverSheet.swift in Sources */ = {isa = PBXBuildFile; fileRef = CBB74B4825095387006D01CE /* EpleyManeuverSheet.swift */; };
		CBB74B4B25095398006D01CE /* HINTSExamSheet.swift in Sources */ = {isa = PBXBuildFile; fileRef = CBB74B4A25095398006D01CE /* HINTSExamSheet.swift */; };
		CBB74B4D250953E1006D01CE /* MedCausesOfDizzinessSheet.swift in Sources */ = {isa = PBXBuildFile; fileRef = CBB74B4C250953E1006D01CE /* MedCausesOfDizzinessSheet.swift */; };
		CBB74B4F25095456006D01CE /* DizzinessManagement.swift in Sources */ = {isa = PBXBuildFile; fileRef = CBB74B4E25095456006D01CE /* DizzinessManagement.swift */; };
/* End PBXBuildFile section */

/* Begin PBXFileReference section */
		CB050E8324F2EFB3001B992B /* OIMA.app */ = {isa = PBXFileReference; explicitFileType = wrapper.application; includeInIndex = 0; path = OIMA.app; sourceTree = BUILT_PRODUCTS_DIR; };
		CB050E8624F2EFB3001B992B /* AppDelegate.swift */ = {isa = PBXFileReference; lastKnownFileType = sourcecode.swift; path = AppDelegate.swift; sourceTree = "<group>"; };
		CB050E8824F2EFB3001B992B /* SceneDelegate.swift */ = {isa = PBXFileReference; lastKnownFileType = sourcecode.swift; path = SceneDelegate.swift; sourceTree = "<group>"; };
		CB050E8A24F2EFB3001B992B /* ListView.swift */ = {isa = PBXFileReference; lastKnownFileType = sourcecode.swift; path = ListView.swift; sourceTree = "<group>"; };
		CB050E8C24F2EFB5001B992B /* Assets.xcassets */ = {isa = PBXFileReference; lastKnownFileType = folder.assetcatalog; path = Assets.xcassets; sourceTree = "<group>"; };
		CB050E8F24F2EFB5001B992B /* Preview Assets.xcassets */ = {isa = PBXFileReference; lastKnownFileType = folder.assetcatalog; path = "Preview Assets.xcassets"; sourceTree = "<group>"; };
		CB050E9224F2EFB5001B992B /* Base */ = {isa = PBXFileReference; lastKnownFileType = file.storyboard; name = Base; path = Base.lproj/LaunchScreen.storyboard; sourceTree = "<group>"; };
		CB050E9424F2EFB5001B992B /* Info.plist */ = {isa = PBXFileReference; lastKnownFileType = text.plist.xml; path = Info.plist; sourceTree = "<group>"; };
		CB050E9B24F2F78B001B992B /* SearchBar.swift */ = {isa = PBXFileReference; lastKnownFileType = sourcecode.swift; path = SearchBar.swift; sourceTree = "<group>"; };
		CB050E9E24F43176001B992B /* Condition.swift */ = {isa = PBXFileReference; lastKnownFileType = sourcecode.swift; path = Condition.swift; sourceTree = "<group>"; };
		CB050EA124F4393C001B992B /* CAPFirst.swift */ = {isa = PBXFileReference; lastKnownFileType = sourcecode.swift; path = CAPFirst.swift; sourceTree = "<group>"; };
		CB050EA324F56CF6001B992B /* ShowPicker.swift */ = {isa = PBXFileReference; fileEncoding = 4; lastKnownFileType = sourcecode.swift; name = ShowPicker.swift; path = "../../../../medlearn/medlearn/Views/General Views/ShowPicker.swift"; sourceTree = "<group>"; };
		CB050EAB24F56E8D001B992B /* NextButtonStyle.swift */ = {isa = PBXFileReference; lastKnownFileType = sourcecode.swift; path = NextButtonStyle.swift; sourceTree = "<group>"; };
		CB2B470824F57726006394DE /* OutCAPManagement.swift */ = {isa = PBXFileReference; lastKnownFileType = sourcecode.swift; path = OutCAPManagement.swift; sourceTree = "<group>"; };
		CB2FDCBB24F6E9AB00C433CE /* VTEFirst.swift */ = {isa = PBXFileReference; lastKnownFileType = sourcecode.swift; path = VTEFirst.swift; sourceTree = "<group>"; };
		CB2FDCBF24F6EB8D00C433CE /* VTEData.swift */ = {isa = PBXFileReference; lastKnownFileType = sourcecode.swift; path = VTEData.swift; sourceTree = "<group>"; };
		CB2FDCC324F6F02A00C433CE /* TitleModifier.swift */ = {isa = PBXFileReference; lastKnownFileType = sourcecode.swift; path = TitleModifier.swift; sourceTree = "<group>"; };
		CB2FDCC524F6F35C00C433CE /* VTEProvokingFactors.swift */ = {isa = PBXFileReference; lastKnownFileType = sourcecode.swift; path = VTEProvokingFactors.swift; sourceTree = "<group>"; };
		CB2FDCC724F7264E00C433CE /* ShowToggle.swift */ = {isa = PBXFileReference; fileEncoding = 4; lastKnownFileType = sourcecode.swift; name = ShowToggle.swift; path = "../../../../medlearn/medlearn/Views/General Views/ShowToggle.swift"; sourceTree = "<group>"; };
		CB2FDCC924F8587100C433CE /* ProximalDistalDVT.swift */ = {isa = PBXFileReference; lastKnownFileType = sourcecode.swift; path = ProximalDistalDVT.swift; sourceTree = "<group>"; };
		CB2FDCCD24F858B600C433CE /* VTEBleedingRisk.swift */ = {isa = PBXFileReference; lastKnownFileType = sourcecode.swift; path = VTEBleedingRisk.swift; sourceTree = "<group>"; };
		CB2FDCCF24F858E700C433CE /* VTEManagement.swift */ = {isa = PBXFileReference; lastKnownFileType = sourcecode.swift; path = VTEManagement.swift; sourceTree = "<group>"; };
		CB2FDCD224F85BDD00C433CE /* CAPData.swift */ = {isa = PBXFileReference; lastKnownFileType = sourcecode.swift; path = CAPData.swift; sourceTree = "<group>"; };
		CB2FDCD424F9B5CF00C433CE /* Constants.swift */ = {isa = PBXFileReference; lastKnownFileType = sourcecode.swift; path = Constants.swift; sourceTree = "<group>"; };
		CB8656A124FC5EDD0081A034 /* SegmentedPickerModifier.swift */ = {isa = PBXFileReference; lastKnownFileType = sourcecode.swift; path = SegmentedPickerModifier.swift; sourceTree = "<group>"; };
		CB8656A324FC5FC70081A034 /* ManagementMod.swift */ = {isa = PBXFileReference; lastKnownFileType = sourcecode.swift; path = ManagementMod.swift; sourceTree = "<group>"; };
		CBB74B3A2509499F006D01CE /* DizzinessFirst.swift */ = {isa = PBXFileReference; lastKnownFileType = sourcecode.swift; path = DizzinessFirst.swift; sourceTree = "<group>"; };
		CBB74B3C250949C2006D01CE /* DizzinessData.swift */ = {isa = PBXFileReference; lastKnownFileType = sourcecode.swift; path = DizzinessData.swift; sourceTree = "<group>"; };
		CBB74B3E250950E6006D01CE /* EpisodicTriggeredDizziness.swift */ = {isa = PBXFileReference; lastKnownFileType = sourcecode.swift; path = EpisodicTriggeredDizziness.swift; sourceTree = "<group>"; };
		CBB74B40250952C9006D01CE /* EpisodicSpontaneous.swift */ = {isa = PBXFileReference; lastKnownFileType = sourcecode.swift; path = EpisodicSpontaneous.swift; sourceTree = "<group>"; };
		CBB74B42250952F8006D01CE /* TriggeredDizzinessTests.swift */ = {isa = PBXFileReference; lastKnownFileType = sourcecode.swift; path = TriggeredDizzinessTests.swift; sourceTree = "<group>"; };
		CBB74B4425095321006D01CE /* NeuroTestsDizziness.swift */ = {isa = PBXFileReference; lastKnownFileType = sourcecode.swift; path = NeuroTestsDizziness.swift; sourceTree = "<group>"; };
		CBB74B4625095375006D01CE /* Dix-HallpikeSheet.swift */ = {isa = PBXFileReference; lastKnownFileType = sourcecode.swift; path = "Dix-HallpikeSheet.swift"; sourceTree = "<group>"; };
		CBB74B4825095387006D01CE /* EpleyManeuverSheet.swift */ = {isa = PBXFileReference; lastKnownFileType = sourcecode.swift; path = EpleyManeuverSheet.swift; sourceTree = "<group>"; };
		CBB74B4A25095398006D01CE /* HINTSExamSheet.swift */ = {isa = PBXFileReference; lastKnownFileType = sourcecode.swift; path = HINTSExamSheet.swift; sourceTree = "<group>"; };
		CBB74B4C250953E1006D01CE /* MedCausesOfDizzinessSheet.swift */ = {isa = PBXFileReference; lastKnownFileType = sourcecode.swift; path = MedCausesOfDizzinessSheet.swift; sourceTree = "<group>"; };
		CBB74B4E25095456006D01CE /* DizzinessManagement.swift */ = {isa = PBXFileReference; lastKnownFileType = sourcecode.swift; path = DizzinessManagement.swift; sourceTree = "<group>"; };
/* End PBXFileReference section */

/* Begin PBXFrameworksBuildPhase section */
		CB050E8024F2EFB3001B992B /* Frameworks */ = {
			isa = PBXFrameworksBuildPhase;
			buildActionMask = 2147483647;
			files = (
			);
			runOnlyForDeploymentPostprocessing = 0;
		};
/* End PBXFrameworksBuildPhase section */

/* Begin PBXGroup section */
		CB050E7A24F2EFB3001B992B = {
			isa = PBXGroup;
			children = (
				CB050E8524F2EFB3001B992B /* OIMA */,
				CB050E8424F2EFB3001B992B /* Products */,
			);
			sourceTree = "<group>";
		};
		CB050E8424F2EFB3001B992B /* Products */ = {
			isa = PBXGroup;
			children = (
				CB050E8324F2EFB3001B992B /* OIMA.app */,
			);
			name = Products;
			sourceTree = "<group>";
		};
		CB050E8524F2EFB3001B992B /* OIMA */ = {
			isa = PBXGroup;
			children = (
				CB2FDCD424F9B5CF00C433CE /* Constants.swift */,
				CB050E9A24F2F741001B992B /* View */,
				CB050E9D24F4311C001B992B /* Model */,
				CB2FDCD124F85BCA00C433CE /* ViewModel */,
				CB050E8624F2EFB3001B992B /* AppDelegate.swift */,
				CB050E8824F2EFB3001B992B /* SceneDelegate.swift */,
				CB050E8C24F2EFB5001B992B /* Assets.xcassets */,
				CB050E9124F2EFB5001B992B /* LaunchScreen.storyboard */,
				CB050E9424F2EFB5001B992B /* Info.plist */,
				CB050E8E24F2EFB5001B992B /* Preview Content */,
			);
			path = OIMA;
			sourceTree = "<group>";
		};
		CB050E8E24F2EFB5001B992B /* Preview Content */ = {
			isa = PBXGroup;
			children = (
				CB050E8F24F2EFB5001B992B /* Preview Assets.xcassets */,
			);
			path = "Preview Content";
			sourceTree = "<group>";
		};
		CB050E9A24F2F741001B992B /* View */ = {
			isa = PBXGroup;
			children = (
				CBB74B392509497D006D01CE /* Dizziness */,
				CB8656A024FC5EB80081A034 /* ViewModifiers */,
				CB2FDCB924F6E8BC00C433CE /* VTEAnticoag */,
				CB050EA024F437ED001B992B /* CAP */,
				CB050E8A24F2EFB3001B992B /* ListView.swift */,
				CB050E9B24F2F78B001B992B /* SearchBar.swift */,
				CB050EA324F56CF6001B992B /* ShowPicker.swift */,
				CB2FDCC724F7264E00C433CE /* ShowToggle.swift */,
			);
			path = View;
			sourceTree = "<group>";
		};
		CB050E9D24F4311C001B992B /* Model */ = {
			isa = PBXGroup;
			children = (
				CB050E9E24F43176001B992B /* Condition.swift */,
			);
			path = Model;
			sourceTree = "<group>";
		};
		CB050EA024F437ED001B992B /* CAP */ = {
			isa = PBXGroup;
			children = (
				CB050EA124F4393C001B992B /* CAPFirst.swift */,
				CB2B470824F57726006394DE /* OutCAPManagement.swift */,
			);
			path = CAP;
			sourceTree = "<group>";
		};
		CB2FDCB924F6E8BC00C433CE /* VTEAnticoag */ = {
			isa = PBXGroup;
			children = (
				CB2FDCBB24F6E9AB00C433CE /* VTEFirst.swift */,
				CB2FDCC924F8587100C433CE /* ProximalDistalDVT.swift */,
				CB2FDCC524F6F35C00C433CE /* VTEProvokingFactors.swift */,
				CB2FDCCD24F858B600C433CE /* VTEBleedingRisk.swift */,
				CB2FDCCF24F858E700C433CE /* VTEManagement.swift */,
			);
			path = VTEAnticoag;
			sourceTree = "<group>";
		};
		CB2FDCD124F85BCA00C433CE /* ViewModel */ = {
			isa = PBXGroup;
			children = (
				CB2FDCBF24F6EB8D00C433CE /* VTEData.swift */,
				CB2FDCD224F85BDD00C433CE /* CAPData.swift */,
				CBB74B3C250949C2006D01CE /* DizzinessData.swift */,
			);
			path = ViewModel;
			sourceTree = "<group>";
		};
		CB8656A024FC5EB80081A034 /* ViewModifiers */ = {
			isa = PBXGroup;
			children = (
				CB2FDCC324F6F02A00C433CE /* TitleModifier.swift */,
				CB050EAB24F56E8D001B992B /* NextButtonStyle.swift */,
				CB8656A124FC5EDD0081A034 /* SegmentedPickerModifier.swift */,
				CB8656A324FC5FC70081A034 /* ManagementMod.swift */,
			);
			path = ViewModifiers;
			sourceTree = "<group>";
		};
		CBB74B392509497D006D01CE /* Dizziness */ = {
			isa = PBXGroup;
			children = (
				CBB74B3A2509499F006D01CE /* DizzinessFirst.swift */,
				CBB74B3E250950E6006D01CE /* EpisodicTriggeredDizziness.swift */,
				CBB74B40250952C9006D01CE /* EpisodicSpontaneous.swift */,
				CBB74B42250952F8006D01CE /* TriggeredDizzinessTests.swift */,
				CBB74B4425095321006D01CE /* NeuroTestsDizziness.swift */,
				CBB74B4625095375006D01CE /* Dix-HallpikeSheet.swift */,
				CBB74B4825095387006D01CE /* EpleyManeuverSheet.swift */,
				CBB74B4A25095398006D01CE /* HINTSExamSheet.swift */,
				CBB74B4C250953E1006D01CE /* MedCausesOfDizzinessSheet.swift */,
				CBB74B4E25095456006D01CE /* DizzinessManagement.swift */,
			);
			path = Dizziness;
			sourceTree = "<group>";
		};
/* End PBXGroup section */

/* Begin PBXNativeTarget section */
		CB050E8224F2EFB3001B992B /* OIMA */ = {
			isa = PBXNativeTarget;
			buildConfigurationList = CB050E9724F2EFB5001B992B /* Build configuration list for PBXNativeTarget "OIMA" */;
			buildPhases = (
				CB050E7F24F2EFB3001B992B /* Sources */,
				CB050E8024F2EFB3001B992B /* Frameworks */,
				CB050E8124F2EFB3001B992B /* Resources */,
			);
			buildRules = (
			);
			dependencies = (
			);
			name = OIMA;
			productName = OIMA;
			productReference = CB050E8324F2EFB3001B992B /* OIMA.app */;
			productType = "com.apple.product-type.application";
		};
/* End PBXNativeTarget section */

/* Begin PBXProject section */
		CB050E7B24F2EFB3001B992B /* Project object */ = {
			isa = PBXProject;
			attributes = {
				LastSwiftUpdateCheck = 1160;
				LastUpgradeCheck = 1160;
				ORGANIZATIONNAME = "Michael Albrecht";
				TargetAttributes = {
					CB050E8224F2EFB3001B992B = {
						CreatedOnToolsVersion = 11.6;
					};
				};
			};
			buildConfigurationList = CB050E7E24F2EFB3001B992B /* Build configuration list for PBXProject "OIMA" */;
			compatibilityVersion = "Xcode 9.3";
			developmentRegion = en;
			hasScannedForEncodings = 0;
			knownRegions = (
				en,
				Base,
			);
			mainGroup = CB050E7A24F2EFB3001B992B;
			productRefGroup = CB050E8424F2EFB3001B992B /* Products */;
			projectDirPath = "";
			projectRoot = "";
			targets = (
				CB050E8224F2EFB3001B992B /* OIMA */,
			);
		};
/* End PBXProject section */

/* Begin PBXResourcesBuildPhase section */
		CB050E8124F2EFB3001B992B /* Resources */ = {
			isa = PBXResourcesBuildPhase;
			buildActionMask = 2147483647;
			files = (
				CB050E9324F2EFB5001B992B /* LaunchScreen.storyboard in Resources */,
				CB050E9024F2EFB5001B992B /* Preview Assets.xcassets in Resources */,
				CB050E8D24F2EFB5001B992B /* Assets.xcassets in Resources */,
			);
			runOnlyForDeploymentPostprocessing = 0;
		};
/* End PBXResourcesBuildPhase section */

/* Begin PBXSourcesBuildPhase section */
		CB050E7F24F2EFB3001B992B /* Sources */ = {
			isa = PBXSourcesBuildPhase;
			buildActionMask = 2147483647;
			files = (
				CB2FDCBC24F6E9AB00C433CE /* VTEFirst.swift in Sources */,
				CB8656A224FC5EDD0081A034 /* SegmentedPickerModifier.swift in Sources */,
				CB050EAC24F56E8D001B992B /* NextButtonStyle.swift in Sources */,
				CBB74B4725095375006D01CE /* Dix-HallpikeSheet.swift in Sources */,
				CB2FDCCA24F8587100C433CE /* ProximalDistalDVT.swift in Sources */,
				CB2FDCC424F6F02A00C433CE /* TitleModifier.swift in Sources */,
				CB050E8724F2EFB3001B992B /* AppDelegate.swift in Sources */,
				CB2FDCD024F858E700C433CE /* VTEManagement.swift in Sources */,
				CBB74B41250952C9006D01CE /* EpisodicSpontaneous.swift in Sources */,
				CB050EA424F56CF6001B992B /* ShowPicker.swift in Sources */,
				CBB74B3D250949C2006D01CE /* DizzinessData.swift in Sources */,
				CBB74B4925095387006D01CE /* EpleyManeuverSheet.swift in Sources */,
				CB8656A424FC5FC70081A034 /* ManagementMod.swift in Sources */,
				CB2FDCCE24F858B600C433CE /* VTEBleedingRisk.swift in Sources */,
				CB050EA224F4393C001B992B /* CAPFirst.swift in Sources */,
				CB2FDCD524F9B5CF00C433CE /* Constants.swift in Sources */,
				CBB74B3F250950E6006D01CE /* EpisodicTriggeredDizziness.swift in Sources */,
				CBB74B4B25095398006D01CE /* HINTSExamSheet.swift in Sources */,
				CBB74B3B2509499F006D01CE /* DizzinessFirst.swift in Sources */,
				CBB74B4D250953E1006D01CE /* MedCausesOfDizzinessSheet.swift in Sources */,
				CBB74B4F25095456006D01CE /* DizzinessManagement.swift in Sources */,
				CBB74B4525095321006D01CE /* NeuroTestsDizziness.swift in Sources */,
				CB050E9C24F2F78B001B992B /* SearchBar.swift in Sources */,
				CB050E8924F2EFB3001B992B /* SceneDelegate.swift in Sources */,
				CB050E8B24F2EFB3001B992B /* ListView.swift in Sources */,
				CB2FDCC624F6F35C00C433CE /* VTEProvokingFactors.swift in Sources */,
				CB2B470924F57726006394DE /* OutCAPManagement.swift in Sources */,
				CB2FDCD324F85BDD00C433CE /* CAPData.swift in Sources */,
				CB050E9F24F43176001B992B /* Condition.swift in Sources */,
				CBB74B43250952F8006D01CE /* TriggeredDizzinessTests.swift in Sources */,
				CB2FDCC824F7264E00C433CE /* ShowToggle.swift in Sources */,
				CB2FDCC024F6EB8D00C433CE /* VTEData.swift in Sources */,
			);
			runOnlyForDeploymentPostprocessing = 0;
		};
/* End PBXSourcesBuildPhase section */

/* Begin PBXVariantGroup section */
		CB050E9124F2EFB5001B992B /* LaunchScreen.storyboard */ = {
			isa = PBXVariantGroup;
			children = (
				CB050E9224F2EFB5001B992B /* Base */,
			);
			name = LaunchScreen.storyboard;
			sourceTree = "<group>";
		};
/* End PBXVariantGroup section */

/* Begin XCBuildConfiguration section */
		CB050E9524F2EFB5001B992B /* Debug */ = {
			isa = XCBuildConfiguration;
			buildSettings = {
				ALWAYS_SEARCH_USER_PATHS = NO;
				CLANG_ANALYZER_NONNULL = YES;
				CLANG_ANALYZER_NUMBER_OBJECT_CONVERSION = YES_AGGRESSIVE;
				CLANG_CXX_LANGUAGE_STANDARD = "gnu++14";
				CLANG_CXX_LIBRARY = "libc++";
				CLANG_ENABLE_MODULES = YES;
				CLANG_ENABLE_OBJC_ARC = YES;
				CLANG_ENABLE_OBJC_WEAK = YES;
				CLANG_WARN_BLOCK_CAPTURE_AUTORELEASING = YES;
				CLANG_WARN_BOOL_CONVERSION = YES;
				CLANG_WARN_COMMA = YES;
				CLANG_WARN_CONSTANT_CONVERSION = YES;
				CLANG_WARN_DEPRECATED_OBJC_IMPLEMENTATIONS = YES;
				CLANG_WARN_DIRECT_OBJC_ISA_USAGE = YES_ERROR;
				CLANG_WARN_DOCUMENTATION_COMMENTS = YES;
				CLANG_WARN_EMPTY_BODY = YES;
				CLANG_WARN_ENUM_CONVERSION = YES;
				CLANG_WARN_INFINITE_RECURSION = YES;
				CLANG_WARN_INT_CONVERSION = YES;
				CLANG_WARN_NON_LITERAL_NULL_CONVERSION = YES;
				CLANG_WARN_OBJC_IMPLICIT_RETAIN_SELF = YES;
				CLANG_WARN_OBJC_LITERAL_CONVERSION = YES;
				CLANG_WARN_OBJC_ROOT_CLASS = YES_ERROR;
				CLANG_WARN_RANGE_LOOP_ANALYSIS = YES;
				CLANG_WARN_STRICT_PROTOTYPES = YES;
				CLANG_WARN_SUSPICIOUS_MOVE = YES;
				CLANG_WARN_UNGUARDED_AVAILABILITY = YES_AGGRESSIVE;
				CLANG_WARN_UNREACHABLE_CODE = YES;
				CLANG_WARN__DUPLICATE_METHOD_MATCH = YES;
				COPY_PHASE_STRIP = NO;
				DEBUG_INFORMATION_FORMAT = dwarf;
				ENABLE_STRICT_OBJC_MSGSEND = YES;
				ENABLE_TESTABILITY = YES;
				GCC_C_LANGUAGE_STANDARD = gnu11;
				GCC_DYNAMIC_NO_PIC = NO;
				GCC_NO_COMMON_BLOCKS = YES;
				GCC_OPTIMIZATION_LEVEL = 0;
				GCC_PREPROCESSOR_DEFINITIONS = (
					"DEBUG=1",
					"$(inherited)",
				);
				GCC_WARN_64_TO_32_BIT_CONVERSION = YES;
				GCC_WARN_ABOUT_RETURN_TYPE = YES_ERROR;
				GCC_WARN_UNDECLARED_SELECTOR = YES;
				GCC_WARN_UNINITIALIZED_AUTOS = YES_AGGRESSIVE;
				GCC_WARN_UNUSED_FUNCTION = YES;
				GCC_WARN_UNUSED_VARIABLE = YES;
				IPHONEOS_DEPLOYMENT_TARGET = 13.6;
				MTL_ENABLE_DEBUG_INFO = INCLUDE_SOURCE;
				MTL_FAST_MATH = YES;
				ONLY_ACTIVE_ARCH = YES;
				SDKROOT = iphoneos;
				SWIFT_ACTIVE_COMPILATION_CONDITIONS = DEBUG;
				SWIFT_OPTIMIZATION_LEVEL = "-Onone";
			};
			name = Debug;
		};
		CB050E9624F2EFB5001B992B /* Release */ = {
			isa = XCBuildConfiguration;
			buildSettings = {
				ALWAYS_SEARCH_USER_PATHS = NO;
				CLANG_ANALYZER_NONNULL = YES;
				CLANG_ANALYZER_NUMBER_OBJECT_CONVERSION = YES_AGGRESSIVE;
				CLANG_CXX_LANGUAGE_STANDARD = "gnu++14";
				CLANG_CXX_LIBRARY = "libc++";
				CLANG_ENABLE_MODULES = YES;
				CLANG_ENABLE_OBJC_ARC = YES;
				CLANG_ENABLE_OBJC_WEAK = YES;
				CLANG_WARN_BLOCK_CAPTURE_AUTORELEASING = YES;
				CLANG_WARN_BOOL_CONVERSION = YES;
				CLANG_WARN_COMMA = YES;
				CLANG_WARN_CONSTANT_CONVERSION = YES;
				CLANG_WARN_DEPRECATED_OBJC_IMPLEMENTATIONS = YES;
				CLANG_WARN_DIRECT_OBJC_ISA_USAGE = YES_ERROR;
				CLANG_WARN_DOCUMENTATION_COMMENTS = YES;
				CLANG_WARN_EMPTY_BODY = YES;
				CLANG_WARN_ENUM_CONVERSION = YES;
				CLANG_WARN_INFINITE_RECURSION = YES;
				CLANG_WARN_INT_CONVERSION = YES;
				CLANG_WARN_NON_LITERAL_NULL_CONVERSION = YES;
				CLANG_WARN_OBJC_IMPLICIT_RETAIN_SELF = YES;
				CLANG_WARN_OBJC_LITERAL_CONVERSION = YES;
				CLANG_WARN_OBJC_ROOT_CLASS = YES_ERROR;
				CLANG_WARN_RANGE_LOOP_ANALYSIS = YES;
				CLANG_WARN_STRICT_PROTOTYPES = YES;
				CLANG_WARN_SUSPICIOUS_MOVE = YES;
				CLANG_WARN_UNGUARDED_AVAILABILITY = YES_AGGRESSIVE;
				CLANG_WARN_UNREACHABLE_CODE = YES;
				CLANG_WARN__DUPLICATE_METHOD_MATCH = YES;
				COPY_PHASE_STRIP = NO;
				DEBUG_INFORMATION_FORMAT = "dwarf-with-dsym";
				ENABLE_NS_ASSERTIONS = NO;
				ENABLE_STRICT_OBJC_MSGSEND = YES;
				GCC_C_LANGUAGE_STANDARD = gnu11;
				GCC_NO_COMMON_BLOCKS = YES;
				GCC_WARN_64_TO_32_BIT_CONVERSION = YES;
				GCC_WARN_ABOUT_RETURN_TYPE = YES_ERROR;
				GCC_WARN_UNDECLARED_SELECTOR = YES;
				GCC_WARN_UNINITIALIZED_AUTOS = YES_AGGRESSIVE;
				GCC_WARN_UNUSED_FUNCTION = YES;
				GCC_WARN_UNUSED_VARIABLE = YES;
				IPHONEOS_DEPLOYMENT_TARGET = 13.6;
				MTL_ENABLE_DEBUG_INFO = NO;
				MTL_FAST_MATH = YES;
				SDKROOT = iphoneos;
				SWIFT_COMPILATION_MODE = wholemodule;
				SWIFT_OPTIMIZATION_LEVEL = "-O";
				VALIDATE_PRODUCT = YES;
			};
			name = Release;
		};
		CB050E9824F2EFB5001B992B /* Debug */ = {
			isa = XCBuildConfiguration;
			buildSettings = {
				ASSETCATALOG_COMPILER_APPICON_NAME = AppIcon;
				CODE_SIGN_STYLE = Automatic;
				DEVELOPMENT_ASSET_PATHS = "\"OIMA/Preview Content\"";
				DEVELOPMENT_TEAM = 7RVFQS86ZJ;
				ENABLE_PREVIEWS = YES;
				INFOPLIST_FILE = OIMA/Info.plist;
				LD_RUNPATH_SEARCH_PATHS = (
					"$(inherited)",
					"@executable_path/Frameworks",
				);
				PRODUCT_BUNDLE_IDENTIFIER = com.albrechtapps.OIMA;
				PRODUCT_NAME = "$(TARGET_NAME)";
				SWIFT_VERSION = 5.0;
				TARGETED_DEVICE_FAMILY = "1,2";
			};
			name = Debug;
		};
		CB050E9924F2EFB5001B992B /* Release */ = {
			isa = XCBuildConfiguration;
			buildSettings = {
				ASSETCATALOG_COMPILER_APPICON_NAME = AppIcon;
				CODE_SIGN_STYLE = Automatic;
				DEVELOPMENT_ASSET_PATHS = "\"OIMA/Preview Content\"";
				DEVELOPMENT_TEAM = 7RVFQS86ZJ;
				ENABLE_PREVIEWS = YES;
				INFOPLIST_FILE = OIMA/Info.plist;
				LD_RUNPATH_SEARCH_PATHS = (
					"$(inherited)",
					"@executable_path/Frameworks",
				);
				PRODUCT_BUNDLE_IDENTIFIER = com.albrechtapps.OIMA;
				PRODUCT_NAME = "$(TARGET_NAME)";
				SWIFT_VERSION = 5.0;
				TARGETED_DEVICE_FAMILY = "1,2";
			};
			name = Release;
		};
/* End XCBuildConfiguration section */

/* Begin XCConfigurationList section */
		CB050E7E24F2EFB3001B992B /* Build configuration list for PBXProject "OIMA" */ = {
			isa = XCConfigurationList;
			buildConfigurations = (
				CB050E9524F2EFB5001B992B /* Debug */,
				CB050E9624F2EFB5001B992B /* Release */,
			);
			defaultConfigurationIsVisible = 0;
			defaultConfigurationName = Release;
		};
		CB050E9724F2EFB5001B992B /* Build configuration list for PBXNativeTarget "OIMA" */ = {
			isa = XCConfigurationList;
			buildConfigurations = (
				CB050E9824F2EFB5001B992B /* Debug */,
				CB050E9924F2EFB5001B992B /* Release */,
			);
			defaultConfigurationIsVisible = 0;
			defaultConfigurationName = Release;
		};
/* End XCConfigurationList section */
	};
	rootObject = CB050E7B24F2EFB3001B992B /* Project object */;
}
